// !$*UTF8*$!
{
	archiveVersion = 1;
	classes = {
	};
	objectVersion = 46;
	objects = {

/* Begin PBXBuildFile section */
		6D5535E3FBCE4D968080EFD9 /* libPods.a in Frameworks */ = {isa = PBXBuildFile; fileRef = 9109F8F2302B4B0FAC8592AA /* libPods.a */; };
		87D2035D191172E200F25C5C /* Foundation.framework in Frameworks */ = {isa = PBXBuildFile; fileRef = 87D2035C191172E200F25C5C /* Foundation.framework */; };
		87D2035F191172E200F25C5C /* CoreGraphics.framework in Frameworks */ = {isa = PBXBuildFile; fileRef = 87D2035E191172E200F25C5C /* CoreGraphics.framework */; };
		87D20361191172E200F25C5C /* UIKit.framework in Frameworks */ = {isa = PBXBuildFile; fileRef = 87D20360191172E200F25C5C /* UIKit.framework */; };
		87D20363191172E200F25C5C /* CoreData.framework in Frameworks */ = {isa = PBXBuildFile; fileRef = 87D20362191172E200F25C5C /* CoreData.framework */; };
		87D20369191172E200F25C5C /* InfoPlist.strings in Resources */ = {isa = PBXBuildFile; fileRef = 87D20367191172E200F25C5C /* InfoPlist.strings */; };
		87D2036B191172E200F25C5C /* main.m in Sources */ = {isa = PBXBuildFile; fileRef = 87D2036A191172E200F25C5C /* main.m */; };
		87D2036F191172E200F25C5C /* LCLAppDelegate.m in Sources */ = {isa = PBXBuildFile; fileRef = 87D2036E191172E200F25C5C /* LCLAppDelegate.m */; };
		87D20372191172E200F25C5C /* Alice.xcdatamodeld in Sources */ = {isa = PBXBuildFile; fileRef = 87D20370191172E200F25C5C /* Alice.xcdatamodeld */; };
		87D20374191172E200F25C5C /* Images.xcassets in Resources */ = {isa = PBXBuildFile; fileRef = 87D20373191172E200F25C5C /* Images.xcassets */; };
		87D2037B191172E200F25C5C /* XCTest.framework in Frameworks */ = {isa = PBXBuildFile; fileRef = 87D2037A191172E200F25C5C /* XCTest.framework */; };
		87D2037C191172E200F25C5C /* Foundation.framework in Frameworks */ = {isa = PBXBuildFile; fileRef = 87D2035C191172E200F25C5C /* Foundation.framework */; };
		87D2037D191172E200F25C5C /* UIKit.framework in Frameworks */ = {isa = PBXBuildFile; fileRef = 87D20360191172E200F25C5C /* UIKit.framework */; };
		87D2037E191172E200F25C5C /* CoreData.framework in Frameworks */ = {isa = PBXBuildFile; fileRef = 87D20362191172E200F25C5C /* CoreData.framework */; };
		87D20386191172E200F25C5C /* InfoPlist.strings in Resources */ = {isa = PBXBuildFile; fileRef = 87D20384191172E200F25C5C /* InfoPlist.strings */; };
		87D20388191172E200F25C5C /* AliceTests.m in Sources */ = {isa = PBXBuildFile; fileRef = 87D20387191172E200F25C5C /* AliceTests.m */; };
		87D203941911739E00F25C5C /* Storyboard.storyboard in Resources */ = {isa = PBXBuildFile; fileRef = 87D203931911739E00F25C5C /* Storyboard.storyboard */; };
		87D2039719117A8300F25C5C /* LCLLoginViewController.m in Sources */ = {isa = PBXBuildFile; fileRef = 87D2039619117A8300F25C5C /* LCLLoginViewController.m */; };
		87D2039A19117A9E00F25C5C /* LCLTicketsViewController.m in Sources */ = {isa = PBXBuildFile; fileRef = 87D2039919117A9E00F25C5C /* LCLTicketsViewController.m */; };
		87D2039D19117AA800F25C5C /* LCLTicketDetailViewController.m in Sources */ = {isa = PBXBuildFile; fileRef = 87D2039C19117AA800F25C5C /* LCLTicketDetailViewController.m */; };
		87D203A019117BA600F25C5C /* LCLTicketDataStore.m in Sources */ = {isa = PBXBuildFile; fileRef = 87D2039F19117BA600F25C5C /* LCLTicketDataStore.m */; };
		87D203A519117E7A00F25C5C /* LCLAliceAPIClient.m in Sources */ = {isa = PBXBuildFile; fileRef = 87D203A419117E7A00F25C5C /* LCLAliceAPIClient.m */; };
		87D203AB191189D500F25C5C /* LCLTicketDataManager.m in Sources */ = {isa = PBXBuildFile; fileRef = 87D203AA191189D500F25C5C /* LCLTicketDataManager.m */; };
		87D203B41912AC6D00F25C5C /* Ticket+Methods.m in Sources */ = {isa = PBXBuildFile; fileRef = 87D203B31912AC6D00F25C5C /* Ticket+Methods.m */; };
		87D203B71912AC7B00F25C5C /* Facility+Methods.m in Sources */ = {isa = PBXBuildFile; fileRef = 87D203B61912AC7B00F25C5C /* Facility+Methods.m */; };
		87D203BA1912B43700F25C5C /* Ticket.m in Sources */ = {isa = PBXBuildFile; fileRef = 87D203B91912B43700F25C5C /* Ticket.m */; };
		87D203BD1912B43800F25C5C /* Facility.m in Sources */ = {isa = PBXBuildFile; fileRef = 87D203BC1912B43800F25C5C /* Facility.m */; };
/* End PBXBuildFile section */

/* Begin PBXContainerItemProxy section */
		87D2037F191172E200F25C5C /* PBXContainerItemProxy */ = {
			isa = PBXContainerItemProxy;
			containerPortal = 87D20351191172E200F25C5C /* Project object */;
			proxyType = 1;
			remoteGlobalIDString = 87D20358191172E200F25C5C;
			remoteInfo = Alice;
		};
/* End PBXContainerItemProxy section */

/* Begin PBXFileReference section */
		6A2209B20FAA4D5C91037284 /* Pods.xcconfig */ = {isa = PBXFileReference; includeInIndex = 1; lastKnownFileType = text.xcconfig; name = Pods.xcconfig; path = Pods/Pods.xcconfig; sourceTree = "<group>"; };
		87D20359191172E200F25C5C /* Alice.app */ = {isa = PBXFileReference; explicitFileType = wrapper.application; includeInIndex = 0; path = Alice.app; sourceTree = BUILT_PRODUCTS_DIR; };
		87D2035C191172E200F25C5C /* Foundation.framework */ = {isa = PBXFileReference; lastKnownFileType = wrapper.framework; name = Foundation.framework; path = System/Library/Frameworks/Foundation.framework; sourceTree = SDKROOT; };
		87D2035E191172E200F25C5C /* CoreGraphics.framework */ = {isa = PBXFileReference; lastKnownFileType = wrapper.framework; name = CoreGraphics.framework; path = System/Library/Frameworks/CoreGraphics.framework; sourceTree = SDKROOT; };
		87D20360191172E200F25C5C /* UIKit.framework */ = {isa = PBXFileReference; lastKnownFileType = wrapper.framework; name = UIKit.framework; path = System/Library/Frameworks/UIKit.framework; sourceTree = SDKROOT; };
		87D20362191172E200F25C5C /* CoreData.framework */ = {isa = PBXFileReference; lastKnownFileType = wrapper.framework; name = CoreData.framework; path = System/Library/Frameworks/CoreData.framework; sourceTree = SDKROOT; };
		87D20366191172E200F25C5C /* Alice-Info.plist */ = {isa = PBXFileReference; lastKnownFileType = text.plist.xml; path = "Alice-Info.plist"; sourceTree = "<group>"; };
		87D20368191172E200F25C5C /* en */ = {isa = PBXFileReference; lastKnownFileType = text.plist.strings; name = en; path = en.lproj/InfoPlist.strings; sourceTree = "<group>"; };
		87D2036A191172E200F25C5C /* main.m */ = {isa = PBXFileReference; lastKnownFileType = sourcecode.c.objc; path = main.m; sourceTree = "<group>"; };
		87D2036C191172E200F25C5C /* Alice-Prefix.pch */ = {isa = PBXFileReference; lastKnownFileType = sourcecode.c.h; path = "Alice-Prefix.pch"; sourceTree = "<group>"; };
		87D2036D191172E200F25C5C /* LCLAppDelegate.h */ = {isa = PBXFileReference; lastKnownFileType = sourcecode.c.h; path = LCLAppDelegate.h; sourceTree = "<group>"; };
		87D2036E191172E200F25C5C /* LCLAppDelegate.m */ = {isa = PBXFileReference; lastKnownFileType = sourcecode.c.objc; path = LCLAppDelegate.m; sourceTree = "<group>"; };
		87D20371191172E200F25C5C /* Alice.xcdatamodel */ = {isa = PBXFileReference; lastKnownFileType = wrapper.xcdatamodel; path = Alice.xcdatamodel; sourceTree = "<group>"; };
		87D20373191172E200F25C5C /* Images.xcassets */ = {isa = PBXFileReference; lastKnownFileType = folder.assetcatalog; path = Images.xcassets; sourceTree = "<group>"; };
		87D20379191172E200F25C5C /* AliceTests.xctest */ = {isa = PBXFileReference; explicitFileType = wrapper.cfbundle; includeInIndex = 0; path = AliceTests.xctest; sourceTree = BUILT_PRODUCTS_DIR; };
		87D2037A191172E200F25C5C /* XCTest.framework */ = {isa = PBXFileReference; lastKnownFileType = wrapper.framework; name = XCTest.framework; path = Library/Frameworks/XCTest.framework; sourceTree = DEVELOPER_DIR; };
		87D20383191172E200F25C5C /* AliceTests-Info.plist */ = {isa = PBXFileReference; lastKnownFileType = text.plist.xml; path = "AliceTests-Info.plist"; sourceTree = "<group>"; };
		87D20385191172E200F25C5C /* en */ = {isa = PBXFileReference; lastKnownFileType = text.plist.strings; name = en; path = en.lproj/InfoPlist.strings; sourceTree = "<group>"; };
		87D20387191172E200F25C5C /* AliceTests.m */ = {isa = PBXFileReference; lastKnownFileType = sourcecode.c.objc; path = AliceTests.m; sourceTree = "<group>"; };
		87D203931911739E00F25C5C /* Storyboard.storyboard */ = {isa = PBXFileReference; fileEncoding = 4; lastKnownFileType = file.storyboard; path = Storyboard.storyboard; sourceTree = "<group>"; };
		87D2039519117A8300F25C5C /* LCLLoginViewController.h */ = {isa = PBXFileReference; fileEncoding = 4; lastKnownFileType = sourcecode.c.h; path = LCLLoginViewController.h; sourceTree = "<group>"; };
		87D2039619117A8300F25C5C /* LCLLoginViewController.m */ = {isa = PBXFileReference; fileEncoding = 4; lastKnownFileType = sourcecode.c.objc; path = LCLLoginViewController.m; sourceTree = "<group>"; };
		87D2039819117A9E00F25C5C /* LCLTicketsViewController.h */ = {isa = PBXFileReference; fileEncoding = 4; lastKnownFileType = sourcecode.c.h; path = LCLTicketsViewController.h; sourceTree = "<group>"; };
		87D2039919117A9E00F25C5C /* LCLTicketsViewController.m */ = {isa = PBXFileReference; fileEncoding = 4; lastKnownFileType = sourcecode.c.objc; path = LCLTicketsViewController.m; sourceTree = "<group>"; };
		87D2039B19117AA800F25C5C /* LCLTicketDetailViewController.h */ = {isa = PBXFileReference; fileEncoding = 4; lastKnownFileType = sourcecode.c.h; path = LCLTicketDetailViewController.h; sourceTree = "<group>"; };
		87D2039C19117AA800F25C5C /* LCLTicketDetailViewController.m */ = {isa = PBXFileReference; fileEncoding = 4; lastKnownFileType = sourcecode.c.objc; path = LCLTicketDetailViewController.m; sourceTree = "<group>"; };
		87D2039E19117BA600F25C5C /* LCLTicketDataStore.h */ = {isa = PBXFileReference; fileEncoding = 4; lastKnownFileType = sourcecode.c.h; path = LCLTicketDataStore.h; sourceTree = "<group>"; };
		87D2039F19117BA600F25C5C /* LCLTicketDataStore.m */ = {isa = PBXFileReference; fileEncoding = 4; lastKnownFileType = sourcecode.c.objc; path = LCLTicketDataStore.m; sourceTree = "<group>"; };
		87D203A319117E7A00F25C5C /* LCLAliceAPIClient.h */ = {isa = PBXFileReference; fileEncoding = 4; lastKnownFileType = sourcecode.c.h; path = LCLAliceAPIClient.h; sourceTree = "<group>"; };
		87D203A419117E7A00F25C5C /* LCLAliceAPIClient.m */ = {isa = PBXFileReference; fileEncoding = 4; lastKnownFileType = sourcecode.c.objc; path = LCLAliceAPIClient.m; sourceTree = "<group>"; };
		87D203A9191189D500F25C5C /* LCLTicketDataManager.h */ = {isa = PBXFileReference; fileEncoding = 4; lastKnownFileType = sourcecode.c.h; path = LCLTicketDataManager.h; sourceTree = "<group>"; };
		87D203AA191189D500F25C5C /* LCLTicketDataManager.m */ = {isa = PBXFileReference; fileEncoding = 4; lastKnownFileType = sourcecode.c.objc; path = LCLTicketDataManager.m; sourceTree = "<group>"; };
		87D203B21912AC6D00F25C5C /* Ticket+Methods.h */ = {isa = PBXFileReference; fileEncoding = 4; lastKnownFileType = sourcecode.c.h; path = "Ticket+Methods.h"; sourceTree = "<group>"; };
		87D203B31912AC6D00F25C5C /* Ticket+Methods.m */ = {isa = PBXFileReference; fileEncoding = 4; lastKnownFileType = sourcecode.c.objc; path = "Ticket+Methods.m"; sourceTree = "<group>"; };
		87D203B51912AC7B00F25C5C /* Facility+Methods.h */ = {isa = PBXFileReference; fileEncoding = 4; lastKnownFileType = sourcecode.c.h; path = "Facility+Methods.h"; sourceTree = "<group>"; };
		87D203B61912AC7B00F25C5C /* Facility+Methods.m */ = {isa = PBXFileReference; fileEncoding = 4; lastKnownFileType = sourcecode.c.objc; path = "Facility+Methods.m"; sourceTree = "<group>"; };
		87D203B81912B43700F25C5C /* Ticket.h */ = {isa = PBXFileReference; fileEncoding = 4; lastKnownFileType = sourcecode.c.h; path = Ticket.h; sourceTree = "<group>"; };
		87D203B91912B43700F25C5C /* Ticket.m */ = {isa = PBXFileReference; fileEncoding = 4; lastKnownFileType = sourcecode.c.objc; path = Ticket.m; sourceTree = "<group>"; };
		87D203BB1912B43800F25C5C /* Facility.h */ = {isa = PBXFileReference; fileEncoding = 4; lastKnownFileType = sourcecode.c.h; path = Facility.h; sourceTree = "<group>"; };
		87D203BC1912B43800F25C5C /* Facility.m */ = {isa = PBXFileReference; fileEncoding = 4; lastKnownFileType = sourcecode.c.objc; path = Facility.m; sourceTree = "<group>"; };
		9109F8F2302B4B0FAC8592AA /* libPods.a */ = {isa = PBXFileReference; explicitFileType = archive.ar; includeInIndex = 0; path = libPods.a; sourceTree = BUILT_PRODUCTS_DIR; };
/* End PBXFileReference section */

/* Begin PBXFrameworksBuildPhase section */
		87D20356191172E200F25C5C /* Frameworks */ = {
			isa = PBXFrameworksBuildPhase;
			buildActionMask = 2147483647;
			files = (
				87D2035F191172E200F25C5C /* CoreGraphics.framework in Frameworks */,
				87D20363191172E200F25C5C /* CoreData.framework in Frameworks */,
				87D20361191172E200F25C5C /* UIKit.framework in Frameworks */,
				87D2035D191172E200F25C5C /* Foundation.framework in Frameworks */,
				6D5535E3FBCE4D968080EFD9 /* libPods.a in Frameworks */,
			);
			runOnlyForDeploymentPostprocessing = 0;
		};
		87D20376191172E200F25C5C /* Frameworks */ = {
			isa = PBXFrameworksBuildPhase;
			buildActionMask = 2147483647;
			files = (
				87D2037B191172E200F25C5C /* XCTest.framework in Frameworks */,
				87D2037E191172E200F25C5C /* CoreData.framework in Frameworks */,
				87D2037D191172E200F25C5C /* UIKit.framework in Frameworks */,
				87D2037C191172E200F25C5C /* Foundation.framework in Frameworks */,
			);
			runOnlyForDeploymentPostprocessing = 0;
		};
/* End PBXFrameworksBuildPhase section */

/* Begin PBXGroup section */
		87D20350191172E200F25C5C = {
			isa = PBXGroup;
			children = (
				87D20364191172E200F25C5C /* Alice */,
				87D20381191172E200F25C5C /* AliceTests */,
				87D2035B191172E200F25C5C /* Frameworks */,
				87D2035A191172E200F25C5C /* Products */,
				6A2209B20FAA4D5C91037284 /* Pods.xcconfig */,
			);
			sourceTree = "<group>";
		};
		87D2035A191172E200F25C5C /* Products */ = {
			isa = PBXGroup;
			children = (
				87D20359191172E200F25C5C /* Alice.app */,
				87D20379191172E200F25C5C /* AliceTests.xctest */,
			);
			name = Products;
			sourceTree = "<group>";
		};
		87D2035B191172E200F25C5C /* Frameworks */ = {
			isa = PBXGroup;
			children = (
				87D2035C191172E200F25C5C /* Foundation.framework */,
				87D2035E191172E200F25C5C /* CoreGraphics.framework */,
				87D20360191172E200F25C5C /* UIKit.framework */,
				87D20362191172E200F25C5C /* CoreData.framework */,
				87D2037A191172E200F25C5C /* XCTest.framework */,
				9109F8F2302B4B0FAC8592AA /* libPods.a */,
			);
			name = Frameworks;
			sourceTree = "<group>";
		};
		87D20364191172E200F25C5C /* Alice */ = {
			isa = PBXGroup;
			children = (
				87D2036D191172E200F25C5C /* LCLAppDelegate.h */,
				87D2036E191172E200F25C5C /* LCLAppDelegate.m */,
				87D203A219117BC300F25C5C /* Models */,
				87D203A119117BB600F25C5C /* Controllers */,
				87D20373191172E200F25C5C /* Images.xcassets */,
				87D20365191172E200F25C5C /* Supporting Files */,
				87D203931911739E00F25C5C /* Storyboard.storyboard */,
			);
			path = Alice;
			sourceTree = "<group>";
		};
		87D20365191172E200F25C5C /* Supporting Files */ = {
			isa = PBXGroup;
			children = (
				87D20366191172E200F25C5C /* Alice-Info.plist */,
				87D20367191172E200F25C5C /* InfoPlist.strings */,
				87D2036A191172E200F25C5C /* main.m */,
				87D2036C191172E200F25C5C /* Alice-Prefix.pch */,
			);
			name = "Supporting Files";
			sourceTree = "<group>";
		};
		87D20381191172E200F25C5C /* AliceTests */ = {
			isa = PBXGroup;
			children = (
				87D20387191172E200F25C5C /* AliceTests.m */,
				87D20382191172E200F25C5C /* Supporting Files */,
			);
			path = AliceTests;
			sourceTree = "<group>";
		};
		87D20382191172E200F25C5C /* Supporting Files */ = {
			isa = PBXGroup;
			children = (
				87D20383191172E200F25C5C /* AliceTests-Info.plist */,
				87D20384191172E200F25C5C /* InfoPlist.strings */,
			);
			name = "Supporting Files";
			sourceTree = "<group>";
		};
		87D203A119117BB600F25C5C /* Controllers */ = {
			isa = PBXGroup;
			children = (
				87D2039519117A8300F25C5C /* LCLLoginViewController.h */,
				87D2039619117A8300F25C5C /* LCLLoginViewController.m */,
				87D2039819117A9E00F25C5C /* LCLTicketsViewController.h */,
				87D2039919117A9E00F25C5C /* LCLTicketsViewController.m */,
				87D2039B19117AA800F25C5C /* LCLTicketDetailViewController.h */,
				87D2039C19117AA800F25C5C /* LCLTicketDetailViewController.m */,
			);
			name = Controllers;
			sourceTree = "<group>";
		};
		87D203A219117BC300F25C5C /* Models */ = {
			isa = PBXGroup;
			children = (
				87D2039E19117BA600F25C5C /* LCLTicketDataStore.h */,
				87D2039F19117BA600F25C5C /* LCLTicketDataStore.m */,
				87D203A9191189D500F25C5C /* LCLTicketDataManager.h */,
				87D203AA191189D500F25C5C /* LCLTicketDataManager.m */,
				87D203A319117E7A00F25C5C /* LCLAliceAPIClient.h */,
				87D203A419117E7A00F25C5C /* LCLAliceAPIClient.m */,
				87D203B81912B43700F25C5C /* Ticket.h */,
				87D203B91912B43700F25C5C /* Ticket.m */,
				87D203B21912AC6D00F25C5C /* Ticket+Methods.h */,
				87D203B31912AC6D00F25C5C /* Ticket+Methods.m */,
				87D203BB1912B43800F25C5C /* Facility.h */,
				87D203BC1912B43800F25C5C /* Facility.m */,
				87D203B51912AC7B00F25C5C /* Facility+Methods.h */,
				87D203B61912AC7B00F25C5C /* Facility+Methods.m */,
				87D20370191172E200F25C5C /* Alice.xcdatamodeld */,
			);
			name = Models;
			sourceTree = "<group>";
		};
/* End PBXGroup section */

/* Begin PBXNativeTarget section */
		87D20358191172E200F25C5C /* Alice */ = {
			isa = PBXNativeTarget;
			buildConfigurationList = 87D2038B191172E200F25C5C /* Build configuration list for PBXNativeTarget "Alice" */;
			buildPhases = (
				5F83C258CDEC4355A7114962 /* Check Pods Manifest.lock */,
				87D20355191172E200F25C5C /* Sources */,
				87D20356191172E200F25C5C /* Frameworks */,
				87D20357191172E200F25C5C /* Resources */,
				458F669A34CA40C181656039 /* Copy Pods Resources */,
			);
			buildRules = (
			);
			dependencies = (
			);
			name = Alice;
			productName = Alice;
			productReference = 87D20359191172E200F25C5C /* Alice.app */;
			productType = "com.apple.product-type.application";
		};
		87D20378191172E200F25C5C /* AliceTests */ = {
			isa = PBXNativeTarget;
			buildConfigurationList = 87D2038E191172E200F25C5C /* Build configuration list for PBXNativeTarget "AliceTests" */;
			buildPhases = (
				87D20375191172E200F25C5C /* Sources */,
				87D20376191172E200F25C5C /* Frameworks */,
				87D20377191172E200F25C5C /* Resources */,
			);
			buildRules = (
			);
			dependencies = (
				87D20380191172E200F25C5C /* PBXTargetDependency */,
			);
			name = AliceTests;
			productName = AliceTests;
			productReference = 87D20379191172E200F25C5C /* AliceTests.xctest */;
			productType = "com.apple.product-type.bundle.unit-test";
		};
/* End PBXNativeTarget section */

/* Begin PBXProject section */
		87D20351191172E200F25C5C /* Project object */ = {
			isa = PBXProject;
			attributes = {
				CLASSPREFIX = LCL;
				LastUpgradeCheck = 0510;
				ORGANIZATIONNAME = "Leonard Li";
				TargetAttributes = {
					87D20378191172E200F25C5C = {
						TestTargetID = 87D20358191172E200F25C5C;
					};
				};
			};
			buildConfigurationList = 87D20354191172E200F25C5C /* Build configuration list for PBXProject "Alice" */;
			compatibilityVersion = "Xcode 3.2";
			developmentRegion = English;
			hasScannedForEncodings = 0;
			knownRegions = (
				en,
			);
			mainGroup = 87D20350191172E200F25C5C;
			productRefGroup = 87D2035A191172E200F25C5C /* Products */;
			projectDirPath = "";
			projectRoot = "";
			targets = (
				87D20358191172E200F25C5C /* Alice */,
				87D20378191172E200F25C5C /* AliceTests */,
			);
		};
/* End PBXProject section */

/* Begin PBXResourcesBuildPhase section */
		87D20357191172E200F25C5C /* Resources */ = {
			isa = PBXResourcesBuildPhase;
			buildActionMask = 2147483647;
			files = (
				87D20369191172E200F25C5C /* InfoPlist.strings in Resources */,
				87D20374191172E200F25C5C /* Images.xcassets in Resources */,
				87D203941911739E00F25C5C /* Storyboard.storyboard in Resources */,
			);
			runOnlyForDeploymentPostprocessing = 0;
		};
		87D20377191172E200F25C5C /* Resources */ = {
			isa = PBXResourcesBuildPhase;
			buildActionMask = 2147483647;
			files = (
				87D20386191172E200F25C5C /* InfoPlist.strings in Resources */,
			);
			runOnlyForDeploymentPostprocessing = 0;
		};
/* End PBXResourcesBuildPhase section */

/* Begin PBXShellScriptBuildPhase section */
		458F669A34CA40C181656039 /* Copy Pods Resources */ = {
			isa = PBXShellScriptBuildPhase;
			buildActionMask = 2147483647;
			files = (
			);
			inputPaths = (
			);
			name = "Copy Pods Resources";
			outputPaths = (
			);
			runOnlyForDeploymentPostprocessing = 0;
			shellPath = /bin/sh;
			shellScript = "\"${SRCROOT}/Pods/Pods-resources.sh\"\n";
			showEnvVarsInLog = 0;
		};
		5F83C258CDEC4355A7114962 /* Check Pods Manifest.lock */ = {
			isa = PBXShellScriptBuildPhase;
			buildActionMask = 2147483647;
			files = (
			);
			inputPaths = (
			);
			name = "Check Pods Manifest.lock";
			outputPaths = (
			);
			runOnlyForDeploymentPostprocessing = 0;
			shellPath = /bin/sh;
			shellScript = "diff \"${PODS_ROOT}/../Podfile.lock\" \"${PODS_ROOT}/Manifest.lock\" > /dev/null\nif [[ $? != 0 ]] ; then\n    cat << EOM\nerror: The sandbox is not in sync with the Podfile.lock. Run 'pod install' or update your CocoaPods installation.\nEOM\n    exit 1\nfi\n";
			showEnvVarsInLog = 0;
		};
/* End PBXShellScriptBuildPhase section */

/* Begin PBXSourcesBuildPhase section */
		87D20355191172E200F25C5C /* Sources */ = {
			isa = PBXSourcesBuildPhase;
			buildActionMask = 2147483647;
			files = (
				87D203A519117E7A00F25C5C /* LCLAliceAPIClient.m in Sources */,
				87D2039A19117A9E00F25C5C /* LCLTicketsViewController.m in Sources */,
				87D203B71912AC7B00F25C5C /* Facility+Methods.m in Sources */,
				87D203A019117BA600F25C5C /* LCLTicketDataStore.m in Sources */,
				87D2039D19117AA800F25C5C /* LCLTicketDetailViewController.m in Sources */,
				87D203BA1912B43700F25C5C /* Ticket.m in Sources */,
				87D2036F191172E200F25C5C /* LCLAppDelegate.m in Sources */,
				87D203AB191189D500F25C5C /* LCLTicketDataManager.m in Sources */,
				87D20372191172E200F25C5C /* Alice.xcdatamodeld in Sources */,
				87D203BD1912B43800F25C5C /* Facility.m in Sources */,
				87D2039719117A8300F25C5C /* LCLLoginViewController.m in Sources */,
				87D203B41912AC6D00F25C5C /* Ticket+Methods.m in Sources */,
				87D2036B191172E200F25C5C /* main.m in Sources */,
			);
			runOnlyForDeploymentPostprocessing = 0;
		};
		87D20375191172E200F25C5C /* Sources */ = {
			isa = PBXSourcesBuildPhase;
			buildActionMask = 2147483647;
			files = (
				87D20388191172E200F25C5C /* AliceTests.m in Sources */,
			);
			runOnlyForDeploymentPostprocessing = 0;
		};
/* End PBXSourcesBuildPhase section */

/* Begin PBXTargetDependency section */
		87D20380191172E200F25C5C /* PBXTargetDependency */ = {
			isa = PBXTargetDependency;
			target = 87D20358191172E200F25C5C /* Alice */;
			targetProxy = 87D2037F191172E200F25C5C /* PBXContainerItemProxy */;
		};
/* End PBXTargetDependency section */

/* Begin PBXVariantGroup section */
		87D20367191172E200F25C5C /* InfoPlist.strings */ = {
			isa = PBXVariantGroup;
			children = (
				87D20368191172E200F25C5C /* en */,
			);
			name = InfoPlist.strings;
			sourceTree = "<group>";
		};
		87D20384191172E200F25C5C /* InfoPlist.strings */ = {
			isa = PBXVariantGroup;
			children = (
				87D20385191172E200F25C5C /* en */,
			);
			name = InfoPlist.strings;
			sourceTree = "<group>";
		};
/* End PBXVariantGroup section */

/* Begin XCBuildConfiguration section */
		87D20389191172E200F25C5C /* Debug */ = {
			isa = XCBuildConfiguration;
			buildSettings = {
				ALWAYS_SEARCH_USER_PATHS = NO;
				CLANG_CXX_LANGUAGE_STANDARD = "gnu++0x";
				CLANG_CXX_LIBRARY = "libc++";
				CLANG_ENABLE_MODULES = YES;
				CLANG_ENABLE_OBJC_ARC = YES;
				CLANG_WARN_BOOL_CONVERSION = YES;
				CLANG_WARN_CONSTANT_CONVERSION = YES;
				CLANG_WARN_DIRECT_OBJC_ISA_USAGE = YES_ERROR;
				CLANG_WARN_EMPTY_BODY = YES;
				CLANG_WARN_ENUM_CONVERSION = YES;
				CLANG_WARN_INT_CONVERSION = YES;
				CLANG_WARN_OBJC_ROOT_CLASS = YES_ERROR;
				CLANG_WARN__DUPLICATE_METHOD_MATCH = YES;
				"CODE_SIGN_IDENTITY[sdk=iphoneos*]" = "iPhone Developer";
				COPY_PHASE_STRIP = NO;
				GCC_C_LANGUAGE_STANDARD = gnu99;
				GCC_DYNAMIC_NO_PIC = NO;
				GCC_OPTIMIZATION_LEVEL = 0;
				GCC_PREPROCESSOR_DEFINITIONS = (
					"DEBUG=1",
					"$(inherited)",
				);
				GCC_SYMBOLS_PRIVATE_EXTERN = NO;
				GCC_WARN_64_TO_32_BIT_CONVERSION = YES;
				GCC_WARN_ABOUT_RETURN_TYPE = YES_ERROR;
				GCC_WARN_UNDECLARED_SELECTOR = YES;
				GCC_WARN_UNINITIALIZED_AUTOS = YES_AGGRESSIVE;
				GCC_WARN_UNUSED_FUNCTION = YES;
				GCC_WARN_UNUSED_VARIABLE = YES;
				IPHONEOS_DEPLOYMENT_TARGET = 7.1;
				ONLY_ACTIVE_ARCH = YES;
				SDKROOT = iphoneos;
			};
			name = Debug;
		};
		87D2038A191172E200F25C5C /* Release */ = {
			isa = XCBuildConfiguration;
			buildSettings = {
				ALWAYS_SEARCH_USER_PATHS = NO;
				CLANG_CXX_LANGUAGE_STANDARD = "gnu++0x";
				CLANG_CXX_LIBRARY = "libc++";
				CLANG_ENABLE_MODULES = YES;
				CLANG_ENABLE_OBJC_ARC = YES;
				CLANG_WARN_BOOL_CONVERSION = YES;
				CLANG_WARN_CONSTANT_CONVERSION = YES;
				CLANG_WARN_DIRECT_OBJC_ISA_USAGE = YES_ERROR;
				CLANG_WARN_EMPTY_BODY = YES;
				CLANG_WARN_ENUM_CONVERSION = YES;
				CLANG_WARN_INT_CONVERSION = YES;
				CLANG_WARN_OBJC_ROOT_CLASS = YES_ERROR;
				CLANG_WARN__DUPLICATE_METHOD_MATCH = YES;
				"CODE_SIGN_IDENTITY[sdk=iphoneos*]" = "iPhone Developer";
				COPY_PHASE_STRIP = YES;
				ENABLE_NS_ASSERTIONS = NO;
				GCC_C_LANGUAGE_STANDARD = gnu99;
				GCC_WARN_64_TO_32_BIT_CONVERSION = YES;
				GCC_WARN_ABOUT_RETURN_TYPE = YES_ERROR;
				GCC_WARN_UNDECLARED_SELECTOR = YES;
				GCC_WARN_UNINITIALIZED_AUTOS = YES_AGGRESSIVE;
				GCC_WARN_UNUSED_FUNCTION = YES;
				GCC_WARN_UNUSED_VARIABLE = YES;
				IPHONEOS_DEPLOYMENT_TARGET = 7.1;
				SDKROOT = iphoneos;
				VALIDATE_PRODUCT = YES;
			};
			name = Release;
		};
		87D2038C191172E200F25C5C /* Debug */ = {
			isa = XCBuildConfiguration;
			baseConfigurationReference = 6A2209B20FAA4D5C91037284 /* Pods.xcconfig */;
			buildSettings = {
				ASSETCATALOG_COMPILER_APPICON_NAME = AppIcon;
				ASSETCATALOG_COMPILER_LAUNCHIMAGE_NAME = LaunchImage;
				GCC_PRECOMPILE_PREFIX_HEADER = YES;
				GCC_PREFIX_HEADER = "Alice/Alice-Prefix.pch";
				INFOPLIST_FILE = "Alice/Alice-Info.plist";
				PRODUCT_NAME = "$(TARGET_NAME)";
				WRAPPER_EXTENSION = app;
			};
			name = Debug;
		};
		87D2038D191172E200F25C5C /* Release */ = {
			isa = XCBuildConfiguration;
			baseConfigurationReference = 6A2209B20FAA4D5C91037284 /* Pods.xcconfig */;
			buildSettings = {
				ASSETCATALOG_COMPILER_APPICON_NAME = AppIcon;
				ASSETCATALOG_COMPILER_LAUNCHIMAGE_NAME = LaunchImage;
				GCC_PRECOMPILE_PREFIX_HEADER = YES;
				GCC_PREFIX_HEADER = "Alice/Alice-Prefix.pch";
				INFOPLIST_FILE = "Alice/Alice-Info.plist";
				PRODUCT_NAME = "$(TARGET_NAME)";
				WRAPPER_EXTENSION = app;
			};
			name = Release;
		};
		87D2038F191172E200F25C5C /* Debug */ = {
			isa = XCBuildConfiguration;
			buildSettings = {
				BUNDLE_LOADER = "$(BUILT_PRODUCTS_DIR)/Alice.app/Alice";
				FRAMEWORK_SEARCH_PATHS = (
					"$(SDKROOT)/Developer/Library/Frameworks",
					"$(inherited)",
					"$(DEVELOPER_FRAMEWORKS_DIR)",
				);
				GCC_PRECOMPILE_PREFIX_HEADER = YES;
				GCC_PREFIX_HEADER = "Alice/Alice-Prefix.pch";
				GCC_PREPROCESSOR_DEFINITIONS = (
					"DEBUG=1",
					"$(inherited)",
				);
				INFOPLIST_FILE = "AliceTests/AliceTests-Info.plist";
				PRODUCT_NAME = "$(TARGET_NAME)";
				TEST_HOST = "$(BUNDLE_LOADER)";
				WRAPPER_EXTENSION = xctest;
			};
			name = Debug;
		};
		87D20390191172E200F25C5C /* Release */ = {
			isa = XCBuildConfiguration;
			buildSettings = {
				BUNDLE_LOADER = "$(BUILT_PRODUCTS_DIR)/Alice.app/Alice";
				FRAMEWORK_SEARCH_PATHS = (
					"$(SDKROOT)/Developer/Library/Frameworks",
					"$(inherited)",
					"$(DEVELOPER_FRAMEWORKS_DIR)",
				);
				GCC_PRECOMPILE_PREFIX_HEADER = YES;
				GCC_PREFIX_HEADER = "Alice/Alice-Prefix.pch";
				INFOPLIST_FILE = "AliceTests/AliceTests-Info.plist";
				PRODUCT_NAME = "$(TARGET_NAME)";
				TEST_HOST = "$(BUNDLE_LOADER)";
				WRAPPER_EXTENSION = xctest;
			};
			name = Release;
		};
/* End XCBuildConfiguration section */

/* Begin XCConfigurationList section */
		87D20354191172E200F25C5C /* Build configuration list for PBXProject "Alice" */ = {
			isa = XCConfigurationList;
			buildConfigurations = (
				87D20389191172E200F25C5C /* Debug */,
				87D2038A191172E200F25C5C /* Release */,
			);
			defaultConfigurationIsVisible = 0;
			defaultConfigurationName = Release;
		};
		87D2038B191172E200F25C5C /* Build configuration list for PBXNativeTarget "Alice" */ = {
			isa = XCConfigurationList;
			buildConfigurations = (
				87D2038C191172E200F25C5C /* Debug */,
				87D2038D191172E200F25C5C /* Release */,
			);
			defaultConfigurationIsVisible = 0;
			defaultConfigurationName = Release;
		};
		87D2038E191172E200F25C5C /* Build configuration list for PBXNativeTarget "AliceTests" */ = {
			isa = XCConfigurationList;
			buildConfigurations = (
				87D2038F191172E200F25C5C /* Debug */,
				87D20390191172E200F25C5C /* Release */,
			);
			defaultConfigurationIsVisible = 0;
			defaultConfigurationName = Release;
		};
/* End XCConfigurationList section */

/* Begin XCVersionGroup section */
		87D20370191172E200F25C5C /* Alice.xcdatamodeld */ = {
			isa = XCVersionGroup;
			children = (
				87D20371191172E200F25C5C /* Alice.xcdatamodel */,
			);
			currentVersion = 87D20371191172E200F25C5C /* Alice.xcdatamodel */;
			path = Alice.xcdatamodeld;
			sourceTree = "<group>";
			versionGroupType = wrapper.xcdatamodel;
		};
/* End XCVersionGroup section */
	};
	rootObject = 87D20351191172E200F25C5C /* Project object */;
}
